
Microsoft Visual Studio Solution File, Format Version 12.00
# Visual Studio 2012
Project("{FAE04EC0-301F-11D3-BF4B-00C04F79EFBC}") = "intercom-webhooks", "intercom-webhooks\intercom-webhooks.csproj", "{F36E9E8F-B565-4E45-A176-7D4365E87010}"
EndProject
Global
	GlobalSection(SolutionConfigurationPlatforms) = preSolution
		Debug|Any CPU = Debug|Any CPU
		Release|Any CPU = Release|Any CPU
	EndGlobalSection
	GlobalSection(ProjectConfigurationPlatforms) = postSolution
		{F36E9E8F-B565-4E45-A176-7D4365E87010}.Debug|Any CPU.ActiveCfg = Debug|Any CPU
		{F36E9E8F-B565-4E45-A176-7D4365E87010}.Debug|Any CPU.Build.0 = Debug|Any CPU
		{F36E9E8F-B565-4E45-A176-7D4365E87010}.Release|Any CPU.ActiveCfg = Release|Any CPU
		{F36E9E8F-B565-4E45-A176-7D4365E87010}.Release|Any CPU.Build.0 = Release|Any CPU
	EndGlobalSection
EndGlobal
